
Microsoft Visual Studio Solution File, Format Version 12.00
# Visual Studio Version 17
VisualStudioVersion = 17.0.31612.314
MinimumVisualStudioVersion = 10.0.40219.1
Project("{FAE04EC0-301F-11D3-BF4B-00C04F79EFBC}") = "TennisSet_CodeSignal_Core_Test14", "TennisSet_CodeSignal_Core_Test14\TennisSet_CodeSignal_Core_Test14.csproj", "{AB2E42A1-034E-4CEB-BF72-519B11142F39}"
EndProject
Global
	GlobalSection(SolutionConfigurationPlatforms) = preSolution
		Debug|Any CPU = Debug|Any CPU
		Release|Any CPU = Release|Any CPU
	EndGlobalSection
	GlobalSection(ProjectConfigurationPlatforms) = postSolution
		{AB2E42A1-034E-4CEB-BF72-519B11142F39}.Debug|Any CPU.ActiveCfg = Debug|Any CPU
		{AB2E42A1-034E-4CEB-BF72-519B11142F39}.Debug|Any CPU.Build.0 = Debug|Any CPU
		{AB2E42A1-034E-4CEB-BF72-519B11142F39}.Release|Any CPU.ActiveCfg = Release|Any CPU
		{AB2E42A1-034E-4CEB-BF72-519B11142F39}.Release|Any CPU.Build.0 = Release|Any CPU
	EndGlobalSection
	GlobalSection(SolutionProperties) = preSolution
		HideSolutionNode = FALSE
	EndGlobalSection
	GlobalSection(ExtensibilityGlobals) = postSolution
		SolutionGuid = {A851D715-8599-4ACA-95A7-6881B1FE469A}
	EndGlobalSection
EndGlobal
